
Microsoft Visual Studio Solution File, Format Version 12.00
# Visual Studio Version 17
VisualStudioVersion = 17.3.32825.248
MinimumVisualStudioVersion = 10.0.40219.1
Project("{8BC9CEB8-8B4A-11D0-8D11-00A0C91BC942}") = "lab 2.17", "lab 2.17\lab 2.17.vcxproj", "{BEC9B800-93E1-4522-99A0-B92A5CACA84D}"
EndProject
Global
	GlobalSection(SolutionConfigurationPlatforms) = preSolution
		Debug|x64 = Debug|x64
		Debug|x86 = Debug|x86
		Release|x64 = Release|x64
		Release|x86 = Release|x86
	EndGlobalSection
	GlobalSection(ProjectConfigurationPlatforms) = postSolution
		{BEC9B800-93E1-4522-99A0-B92A5CACA84D}.Debug|x64.ActiveCfg = Debug|x64
		{BEC9B800-93E1-4522-99A0-B92A5CACA84D}.Debug|x64.Build.0 = Debug|x64
		{BEC9B800-93E1-4522-99A0-B92A5CACA84D}.Debug|x86.ActiveCfg = Debug|Win32
		{BEC9B800-93E1-4522-99A0-B92A5CACA84D}.Debug|x86.Build.0 = Debug|Win32
		{BEC9B800-93E1-4522-99A0-B92A5CACA84D}.Release|x64.ActiveCfg = Release|x64
		{BEC9B800-93E1-4522-99A0-B92A5CACA84D}.Release|x64.Build.0 = Release|x64
		{BEC9B800-93E1-4522-99A0-B92A5CACA84D}.Release|x86.ActiveCfg = Release|Win32
		{BEC9B800-93E1-4522-99A0-B92A5CACA84D}.Release|x86.Build.0 = Release|Win32
	EndGlobalSection
	GlobalSection(SolutionProperties) = preSolution
		HideSolutionNode = FALSE
	EndGlobalSection
	GlobalSection(ExtensibilityGlobals) = postSolution
		SolutionGuid = {C90A3AE5-F588-48E5-837B-E74763B67A29}
	EndGlobalSection
EndGlobal
